
Microsoft Visual Studio Solution File, Format Version 12.00
# Visual Studio Version 16
VisualStudioVersion = 16.0.30717.126
MinimumVisualStudioVersion = 10.0.40219.1
Project("{FAE04EC0-301F-11D3-BF4B-00C04F79EFBC}") = "Module16Task4", "Module16Task4\Module16Task4.csproj", "{CBDC95F5-14B9-4222-A6FA-59BF190EE6D7}"
EndProject
Global
	GlobalSection(SolutionConfigurationPlatforms) = preSolution
		Debug|Any CPU = Debug|Any CPU
		Release|Any CPU = Release|Any CPU
	EndGlobalSection
	GlobalSection(ProjectConfigurationPlatforms) = postSolution
		{CBDC95F5-14B9-4222-A6FA-59BF190EE6D7}.Debug|Any CPU.ActiveCfg = Debug|Any CPU
		{CBDC95F5-14B9-4222-A6FA-59BF190EE6D7}.Debug|Any CPU.Build.0 = Debug|Any CPU
		{CBDC95F5-14B9-4222-A6FA-59BF190EE6D7}.Release|Any CPU.ActiveCfg = Release|Any CPU
		{CBDC95F5-14B9-4222-A6FA-59BF190EE6D7}.Release|Any CPU.Build.0 = Release|Any CPU
	EndGlobalSection
	GlobalSection(SolutionProperties) = preSolution
		HideSolutionNode = FALSE
	EndGlobalSection
	GlobalSection(ExtensibilityGlobals) = postSolution
		SolutionGuid = {7668961C-CBB6-4CE8-BD43-E097F28A7D7C}
	EndGlobalSection
EndGlobal
